// !$*UTF8*$!
{
	archiveVersion = 1;
	classes = {
	};
	objectVersion = 46;
	objects = {

/* Begin PBXBuildFile section */
		118FE1161CEF0525004F2F51 /* AppDelegate.swift in Sources */ = {isa = PBXBuildFile; fileRef = 118FE1151CEF0525004F2F51 /* AppDelegate.swift */; };
		118FE1181CEF0525004F2F51 /* MasterViewController.swift in Sources */ = {isa = PBXBuildFile; fileRef = 118FE1171CEF0525004F2F51 /* MasterViewController.swift */; };
		118FE11A1CEF0525004F2F51 /* AssetGridViewController.swift in Sources */ = {isa = PBXBuildFile; fileRef = 118FE1191CEF0525004F2F51 /* AssetGridViewController.swift */; };
		118FE11D1CEF0525004F2F51 /* Main.storyboard in Resources */ = {isa = PBXBuildFile; fileRef = 118FE11B1CEF0525004F2F51 /* Main.storyboard */; };
		118FE11F1CEF0525004F2F51 /* Assets.xcassets in Resources */ = {isa = PBXBuildFile; fileRef = 118FE11E1CEF0525004F2F51 /* Assets.xcassets */; };
		118FE1221CEF0525004F2F51 /* LaunchScreen.storyboard in Resources */ = {isa = PBXBuildFile; fileRef = 118FE1201CEF0525004F2F51 /* LaunchScreen.storyboard */; };
		11E1BB9B1CF1371A0057E18F /* GridViewCell.swift in Sources */ = {isa = PBXBuildFile; fileRef = 11E1BB9A1CF1371A0057E18F /* GridViewCell.swift */; };
		11E1BB9E1CF137450057E18F /* AssetViewController.swift in Sources */ = {isa = PBXBuildFile; fileRef = 11E1BB9D1CF137450057E18F /* AssetViewController.swift */; };
		8C00F4A21E02510500DC6E82 /* SwiftSpinner.swift in Sources */ = {isa = PBXBuildFile; fileRef = 8C00F4A11E02510500DC6E82 /* SwiftSpinner.swift */; };
		8C00F4AA1E0255A300DC6E82 /* FishTests.swift in Sources */ = {isa = PBXBuildFile; fileRef = 8C00F4A91E0255A300DC6E82 /* FishTests.swift */; };
		8C00F4B11E0255C300DC6E82 /* APITest.swift in Sources */ = {isa = PBXBuildFile; fileRef = 8C00F49F1E01B88500DC6E82 /* APITest.swift */; };
		8C00F4B31E02591600DC6E82 /* Alamofire.framework in Frameworks */ = {isa = PBXBuildFile; fileRef = 8C00F4B21E02591600DC6E82 /* Alamofire.framework */; };
		8C00F4B41E02596300DC6E82 /* Alamofire.framework in Frameworks */ = {isa = PBXBuildFile; fileRef = 8C00F4B21E02591600DC6E82 /* Alamofire.framework */; };
		8CCF28051DF6EAC900A57A08 /* Fusuma.framework in Frameworks */ = {isa = PBXBuildFile; fileRef = 8CCF28041DF6EAC900A57A08 /* Fusuma.framework */; };
		8CD7D7541DF7084600453C6F /* FSAlbumView.swift in Sources */ = {isa = PBXBuildFile; fileRef = 8CD7D7461DF7084600453C6F /* FSAlbumView.swift */; };
		8CD7D7561DF7084600453C6F /* FSAlbumViewCell.swift in Sources */ = {isa = PBXBuildFile; fileRef = 8CD7D7481DF7084600453C6F /* FSAlbumViewCell.swift */; };
		8CD7D7571DF7084600453C6F /* FSAlbumViewCell.xib in Resources */ = {isa = PBXBuildFile; fileRef = 8CD7D7491DF7084600453C6F /* FSAlbumViewCell.xib */; };
		8CD7D7581DF7084600453C6F /* FSCameraView.swift in Sources */ = {isa = PBXBuildFile; fileRef = 8CD7D74A1DF7084600453C6F /* FSCameraView.swift */; };
		8CD7D75A1DF7084600453C6F /* FSConstants.swift in Sources */ = {isa = PBXBuildFile; fileRef = 8CD7D74C1DF7084600453C6F /* FSConstants.swift */; };
		8CD7D75B1DF7084600453C6F /* FSImageCropView.swift in Sources */ = {isa = PBXBuildFile; fileRef = 8CD7D74D1DF7084600453C6F /* FSImageCropView.swift */; };
		8CD7D75E1DF7084600453C6F /* Fusuma in Resources */ = {isa = PBXBuildFile; fileRef = 8CD7D7501DF7084600453C6F /* Fusuma */; };
		8CD7D75F1DF7084600453C6F /* FusumaViewController.swift in Sources */ = {isa = PBXBuildFile; fileRef = 8CD7D7511DF7084600453C6F /* FusumaViewController.swift */; };
		8CD7D7641DF7089C00453C6F /* Localizator.swift in Sources */ = {isa = PBXBuildFile; fileRef = 8CD7D7631DF7089C00453C6F /* Localizator.swift */; };
		8CD7D7661DF708C600453C6F /* ServiceController.swift in Sources */ = {isa = PBXBuildFile; fileRef = 8CD7D7651DF708C600453C6F /* ServiceController.swift */; };
		8CD7D7681DF708DF00453C6F /* Document.swift in Sources */ = {isa = PBXBuildFile; fileRef = 8CD7D7671DF708DF00453C6F /* Document.swift */; };
		8CD7D76A1DF708FB00453C6F /* Score.swift in Sources */ = {isa = PBXBuildFile; fileRef = 8CD7D7691DF708FB00453C6F /* Score.swift */; };
		8CD7D76C1DF7091A00453C6F /* Generator.swift in Sources */ = {isa = PBXBuildFile; fileRef = 8CD7D76B1DF7091A00453C6F /* Generator.swift */; };
		8CD7D76E1DF7092F00453C6F /* Results.swift in Sources */ = {isa = PBXBuildFile; fileRef = 8CD7D76D1DF7092F00453C6F /* Results.swift */; };
		8CD7D7701DF7094900453C6F /* GlobalResult.swift in Sources */ = {isa = PBXBuildFile; fileRef = 8CD7D76F1DF7094900453C6F /* GlobalResult.swift */; };
		8CD7D7721DF7096E00453C6F /* DocumentPickerRowView.swift in Sources */ = {isa = PBXBuildFile; fileRef = 8CD7D7711DF7096E00453C6F /* DocumentPickerRowView.swift */; };
		8CD7D7741DF7098E00453C6F /* Service.swift in Sources */ = {isa = PBXBuildFile; fileRef = 8CD7D7731DF7098E00453C6F /* Service.swift */; };
		8CD7D7781DF709CB00453C6F /* API.swift in Sources */ = {isa = PBXBuildFile; fileRef = 8CD7D7751DF709CB00453C6F /* API.swift */; };
		8CD7D7791DF709CB00453C6F /* CustomPhotoAlbum.swift in Sources */ = {isa = PBXBuildFile; fileRef = 8CD7D7761DF709CB00453C6F /* CustomPhotoAlbum.swift */; };
		8CD7D77A1DF709CB00453C6F /* DocumentController.swift in Sources */ = {isa = PBXBuildFile; fileRef = 8CD7D7771DF709CB00453C6F /* DocumentController.swift */; };
		8CD7D77E1DF70BF900453C6F /* Constants.swift in Sources */ = {isa = PBXBuildFile; fileRef = 8CD7D77D1DF70BF900453C6F /* Constants.swift */; };
		8CD7D7801DF711DD00453C6F /* DocumentPickerView.xib in Resources */ = {isa = PBXBuildFile; fileRef = 8CD7D77F1DF711DD00453C6F /* DocumentPickerView.xib */; };
		8CD7D7821DF8644800453C6F /* FSCameraViewAdaptive.xib in Resources */ = {isa = PBXBuildFile; fileRef = 8CD7D7811DF8644700453C6F /* FSCameraViewAdaptive.xib */; };
		8CD7D7841DF86D8100453C6F /* FusumaViewControllerAdaptive.xib in Resources */ = {isa = PBXBuildFile; fileRef = 8CD7D7831DF86D8100453C6F /* FusumaViewControllerAdaptive.xib */; };
		8CD7D7861DF95DBC00453C6F /* FSAlbumViewAdaptive.xib in Resources */ = {isa = PBXBuildFile; fileRef = 8CD7D7851DF95DBC00453C6F /* FSAlbumViewAdaptive.xib */; };
		8CF6BF561DFEE633000D2744 /* Interpolate.framework in Frameworks */ = {isa = PBXBuildFile; fileRef = 8CF6BF551DFEE633000D2744 /* Interpolate.framework */; };
/* End PBXBuildFile section */

/* Begin PBXContainerItemProxy section */
		8C00F4AC1E0255A300DC6E82 /* PBXContainerItemProxy */ = {
			isa = PBXContainerItemProxy;
			containerPortal = 118FE10A1CEF0525004F2F51 /* Project object */;
			proxyType = 1;
			remoteGlobalIDString = 118FE1111CEF0525004F2F51;
			remoteInfo = "Fish iOS";
		};
/* End PBXContainerItemProxy section */

/* Begin PBXFileReference section */
		118FE1121CEF0525004F2F51 /* Fish.app */ = {isa = PBXFileReference; explicitFileType = wrapper.application; includeInIndex = 0; path = Fish.app; sourceTree = BUILT_PRODUCTS_DIR; };
		118FE1151CEF0525004F2F51 /* AppDelegate.swift */ = {isa = PBXFileReference; lastKnownFileType = sourcecode.swift; lineEnding = 0; path = AppDelegate.swift; sourceTree = "<group>"; xcLanguageSpecificationIdentifier = xcode.lang.swift; };
		118FE1171CEF0525004F2F51 /* MasterViewController.swift */ = {isa = PBXFileReference; lastKnownFileType = sourcecode.swift; lineEnding = 0; path = MasterViewController.swift; sourceTree = "<group>"; xcLanguageSpecificationIdentifier = xcode.lang.swift; };
		118FE1191CEF0525004F2F51 /* AssetGridViewController.swift */ = {isa = PBXFileReference; lastKnownFileType = sourcecode.swift; path = AssetGridViewController.swift; sourceTree = "<group>"; };
		118FE11C1CEF0525004F2F51 /* Base */ = {isa = PBXFileReference; lastKnownFileType = file.storyboard; name = Base; path = Base.lproj/Main.storyboard; sourceTree = "<group>"; };
		118FE11E1CEF0525004F2F51 /* Assets.xcassets */ = {isa = PBXFileReference; lastKnownFileType = folder.assetcatalog; path = Assets.xcassets; sourceTree = "<group>"; };
		118FE1211CEF0525004F2F51 /* Base */ = {isa = PBXFileReference; lastKnownFileType = file.storyboard; name = Base; path = Base.lproj/LaunchScreen.storyboard; sourceTree = "<group>"; };
		118FE1231CEF0525004F2F51 /* Info.plist */ = {isa = PBXFileReference; lastKnownFileType = text.plist.xml; path = Info.plist; sourceTree = "<group>"; };
		118FE1341CEF07DE004F2F51 /* Base */ = {isa = PBXFileReference; lastKnownFileType = file.storyboard; name = Base; path = Base.lproj/Main.storyboard; sourceTree = "<group>"; };
		118FE1361CEF07DE004F2F51 /* Assets.xcassets */ = {isa = PBXFileReference; lastKnownFileType = folder.assetcatalog; path = Assets.xcassets; sourceTree = "<group>"; };
		118FE1381CEF07DE004F2F51 /* Info.plist */ = {isa = PBXFileReference; lastKnownFileType = text.plist.xml; path = Info.plist; sourceTree = "<group>"; };
		119E70161CF3CC1700F01BF5 /* README.md */ = {isa = PBXFileReference; lastKnownFileType = net.daringfireball.markdown; path = README.md; sourceTree = "<group>"; };
		11E1BB9A1CF1371A0057E18F /* GridViewCell.swift */ = {isa = PBXFileReference; fileEncoding = 4; lastKnownFileType = sourcecode.swift; path = GridViewCell.swift; sourceTree = "<group>"; };
		11E1BB9D1CF137450057E18F /* AssetViewController.swift */ = {isa = PBXFileReference; fileEncoding = 4; lastKnownFileType = sourcecode.swift; lineEnding = 0; path = AssetViewController.swift; sourceTree = "<group>"; xcLanguageSpecificationIdentifier = xcode.lang.swift; };
		8C00F49F1E01B88500DC6E82 /* APITest.swift */ = {isa = PBXFileReference; fileEncoding = 4; lastKnownFileType = sourcecode.swift; name = APITest.swift; path = ../iOS/APITest.swift; sourceTree = "<group>"; };
		8C00F4A11E02510500DC6E82 /* SwiftSpinner.swift */ = {isa = PBXFileReference; fileEncoding = 4; lastKnownFileType = sourcecode.swift; path = SwiftSpinner.swift; sourceTree = "<group>"; };
		8C00F4A71E0255A300DC6E82 /* FishTests.xctest */ = {isa = PBXFileReference; explicitFileType = wrapper.cfbundle; includeInIndex = 0; path = FishTests.xctest; sourceTree = BUILT_PRODUCTS_DIR; };
		8C00F4A91E0255A300DC6E82 /* FishTests.swift */ = {isa = PBXFileReference; lastKnownFileType = sourcecode.swift; path = FishTests.swift; sourceTree = "<group>"; };
		8C00F4AB1E0255A300DC6E82 /* Info.plist */ = {isa = PBXFileReference; lastKnownFileType = text.plist.xml; path = Info.plist; sourceTree = "<group>"; };
		8C00F4B21E02591600DC6E82 /* Alamofire.framework */ = {isa = PBXFileReference; lastKnownFileType = wrapper.framework; name = Alamofire.framework; path = Carthage/Build/iOS/Alamofire.framework; sourceTree = "<group>"; };
		8CCF28041DF6EAC900A57A08 /* Fusuma.framework */ = {isa = PBXFileReference; lastKnownFileType = wrapper.framework; name = Fusuma.framework; path = Carthage/Build/iOS/Fusuma.framework; sourceTree = "<group>"; };
		8CD7D7461DF7084600453C6F /* FSAlbumView.swift */ = {isa = PBXFileReference; fileEncoding = 4; lastKnownFileType = sourcecode.swift; path = FSAlbumView.swift; sourceTree = "<group>"; };
		8CD7D7481DF7084600453C6F /* FSAlbumViewCell.swift */ = {isa = PBXFileReference; fileEncoding = 4; lastKnownFileType = sourcecode.swift; path = FSAlbumViewCell.swift; sourceTree = "<group>"; };
		8CD7D7491DF7084600453C6F /* FSAlbumViewCell.xib */ = {isa = PBXFileReference; fileEncoding = 4; lastKnownFileType = file.xib; path = FSAlbumViewCell.xib; sourceTree = "<group>"; };
		8CD7D74A1DF7084600453C6F /* FSCameraView.swift */ = {isa = PBXFileReference; fileEncoding = 4; lastKnownFileType = sourcecode.swift; path = FSCameraView.swift; sourceTree = "<group>"; };
		8CD7D74C1DF7084600453C6F /* FSConstants.swift */ = {isa = PBXFileReference; fileEncoding = 4; lastKnownFileType = sourcecode.swift; path = FSConstants.swift; sourceTree = "<group>"; };
		8CD7D74D1DF7084600453C6F /* FSImageCropView.swift */ = {isa = PBXFileReference; fileEncoding = 4; lastKnownFileType = sourcecode.swift; path = FSImageCropView.swift; sourceTree = "<group>"; };
		8CD7D7501DF7084600453C6F /* Fusuma */ = {isa = PBXFileReference; lastKnownFileType = folder; path = Fusuma; sourceTree = "<group>"; };
		8CD7D7511DF7084600453C6F /* FusumaViewController.swift */ = {isa = PBXFileReference; fileEncoding = 4; lastKnownFileType = sourcecode.swift; path = FusumaViewController.swift; sourceTree = "<group>"; };
		8CD7D7631DF7089C00453C6F /* Localizator.swift */ = {isa = PBXFileReference; fileEncoding = 4; lastKnownFileType = sourcecode.swift; path = Localizator.swift; sourceTree = "<group>"; };
		8CD7D7651DF708C600453C6F /* ServiceController.swift */ = {isa = PBXFileReference; fileEncoding = 4; lastKnownFileType = sourcecode.swift; path = ServiceController.swift; sourceTree = "<group>"; };
		8CD7D7671DF708DF00453C6F /* Document.swift */ = {isa = PBXFileReference; fileEncoding = 4; lastKnownFileType = sourcecode.swift; path = Document.swift; sourceTree = "<group>"; };
		8CD7D7691DF708FB00453C6F /* Score.swift */ = {isa = PBXFileReference; fileEncoding = 4; lastKnownFileType = sourcecode.swift; path = Score.swift; sourceTree = "<group>"; };
		8CD7D76B1DF7091A00453C6F /* Generator.swift */ = {isa = PBXFileReference; fileEncoding = 4; lastKnownFileType = sourcecode.swift; path = Generator.swift; sourceTree = "<group>"; };
		8CD7D76D1DF7092F00453C6F /* Results.swift */ = {isa = PBXFileReference; fileEncoding = 4; lastKnownFileType = sourcecode.swift; path = Results.swift; sourceTree = "<group>"; };
		8CD7D76F1DF7094900453C6F /* GlobalResult.swift */ = {isa = PBXFileReference; fileEncoding = 4; lastKnownFileType = sourcecode.swift; path = GlobalResult.swift; sourceTree = "<group>"; };
		8CD7D7711DF7096E00453C6F /* DocumentPickerRowView.swift */ = {isa = PBXFileReference; fileEncoding = 4; lastKnownFileType = sourcecode.swift; path = DocumentPickerRowView.swift; sourceTree = "<group>"; };
		8CD7D7731DF7098E00453C6F /* Service.swift */ = {isa = PBXFileReference; fileEncoding = 4; lastKnownFileType = sourcecode.swift; path = Service.swift; sourceTree = "<group>"; };
		8CD7D7751DF709CB00453C6F /* API.swift */ = {isa = PBXFileReference; fileEncoding = 4; lastKnownFileType = sourcecode.swift; path = API.swift; sourceTree = "<group>"; };
		8CD7D7761DF709CB00453C6F /* CustomPhotoAlbum.swift */ = {isa = PBXFileReference; fileEncoding = 4; lastKnownFileType = sourcecode.swift; path = CustomPhotoAlbum.swift; sourceTree = "<group>"; };
		8CD7D7771DF709CB00453C6F /* DocumentController.swift */ = {isa = PBXFileReference; fileEncoding = 4; lastKnownFileType = sourcecode.swift; path = DocumentController.swift; sourceTree = "<group>"; };
		8CD7D77D1DF70BF900453C6F /* Constants.swift */ = {isa = PBXFileReference; fileEncoding = 4; lastKnownFileType = sourcecode.swift; path = Constants.swift; sourceTree = "<group>"; };
		8CD7D77F1DF711DD00453C6F /* DocumentPickerView.xib */ = {isa = PBXFileReference; fileEncoding = 4; lastKnownFileType = file.xib; path = DocumentPickerView.xib; sourceTree = "<group>"; };
		8CD7D7811DF8644700453C6F /* FSCameraViewAdaptive.xib */ = {isa = PBXFileReference; fileEncoding = 4; lastKnownFileType = file.xib; path = FSCameraViewAdaptive.xib; sourceTree = "<group>"; };
		8CD7D7831DF86D8100453C6F /* FusumaViewControllerAdaptive.xib */ = {isa = PBXFileReference; fileEncoding = 4; lastKnownFileType = file.xib; path = FusumaViewControllerAdaptive.xib; sourceTree = "<group>"; };
		8CD7D7851DF95DBC00453C6F /* FSAlbumViewAdaptive.xib */ = {isa = PBXFileReference; fileEncoding = 4; lastKnownFileType = file.xib; path = FSAlbumViewAdaptive.xib; sourceTree = "<group>"; };
		8CF6BF551DFEE633000D2744 /* Interpolate.framework */ = {isa = PBXFileReference; lastKnownFileType = wrapper.framework; name = Interpolate.framework; path = Carthage/Build/iOS/Interpolate.framework; sourceTree = "<group>"; };
/* End PBXFileReference section */

/* Begin PBXFrameworksBuildPhase section */
		118FE10F1CEF0525004F2F51 /* Frameworks */ = {
			isa = PBXFrameworksBuildPhase;
			buildActionMask = 2147483647;
			files = (
				8CF6BF561DFEE633000D2744 /* Interpolate.framework in Frameworks */,
				8C00F4B31E02591600DC6E82 /* Alamofire.framework in Frameworks */,
				8CCF28051DF6EAC900A57A08 /* Fusuma.framework in Frameworks */,
			);
			runOnlyForDeploymentPostprocessing = 0;
		};
		8C00F4A41E0255A300DC6E82 /* Frameworks */ = {
			isa = PBXFrameworksBuildPhase;
			buildActionMask = 2147483647;
			files = (
				8C00F4B41E02596300DC6E82 /* Alamofire.framework in Frameworks */,
			);
			runOnlyForDeploymentPostprocessing = 0;
		};
/* End PBXFrameworksBuildPhase section */

/* Begin PBXGroup section */
		118FE1091CEF0525004F2F51 = {
			isa = PBXGroup;
			children = (
				119E70161CF3CC1700F01BF5 /* README.md */,
				118FE13C1CEF07EB004F2F51 /* Shared */,
				118FE1141CEF0525004F2F51 /* iOS */,
				118FE12E1CEF07DE004F2F51 /* tvOS */,
				8C00F4A81E0255A300DC6E82 /* FishTests */,
				118FE1131CEF0525004F2F51 /* Products */,
				8C00F4B21E02591600DC6E82 /* Alamofire.framework */,
				8CF6BF551DFEE633000D2744 /* Interpolate.framework */,
				8CCF28041DF6EAC900A57A08 /* Fusuma.framework */,
			);
			sourceTree = "<group>";
		};
		118FE1131CEF0525004F2F51 /* Products */ = {
			isa = PBXGroup;
			children = (
				118FE1121CEF0525004F2F51 /* Fish.app */,
				8C00F4A71E0255A300DC6E82 /* FishTests.xctest */,
			);
			name = Products;
			sourceTree = "<group>";
		};
		118FE1141CEF0525004F2F51 /* iOS */ = {
			isa = PBXGroup;
			children = (
				118FE11B1CEF0525004F2F51 /* Main.storyboard */,
				118FE11E1CEF0525004F2F51 /* Assets.xcassets */,
				118FE1201CEF0525004F2F51 /* LaunchScreen.storyboard */,
				118FE1231CEF0525004F2F51 /* Info.plist */,
			);
			path = iOS;
			sourceTree = "<group>";
		};
		118FE12E1CEF07DE004F2F51 /* tvOS */ = {
			isa = PBXGroup;
			children = (
				118FE1331CEF07DE004F2F51 /* Main.storyboard */,
				118FE1361CEF07DE004F2F51 /* Assets.xcassets */,
				118FE1381CEF07DE004F2F51 /* Info.plist */,
			);
			path = tvOS;
			sourceTree = "<group>";
		};
		118FE13C1CEF07EB004F2F51 /* Shared */ = {
			isa = PBXGroup;
			children = (
				8C00F4A11E02510500DC6E82 /* SwiftSpinner.swift */,
				8CD7D77F1DF711DD00453C6F /* DocumentPickerView.xib */,
				8CD7D77D1DF70BF900453C6F /* Constants.swift */,
				8CD7D7751DF709CB00453C6F /* API.swift */,
				8CD7D7761DF709CB00453C6F /* CustomPhotoAlbum.swift */,
				8CD7D7771DF709CB00453C6F /* DocumentController.swift */,
				8CD7D7731DF7098E00453C6F /* Service.swift */,
				8CD7D7711DF7096E00453C6F /* DocumentPickerRowView.swift */,
				8CD7D76F1DF7094900453C6F /* GlobalResult.swift */,
				8CD7D76D1DF7092F00453C6F /* Results.swift */,
				8CD7D76B1DF7091A00453C6F /* Generator.swift */,
				8CD7D7691DF708FB00453C6F /* Score.swift */,
				8CD7D7671DF708DF00453C6F /* Document.swift */,
				8CD7D7651DF708C600453C6F /* ServiceController.swift */,
				8CD7D7631DF7089C00453C6F /* Localizator.swift */,
				8CD7D7621DF7085100453C6F /* Fusuma */,
				118FE1151CEF0525004F2F51 /* AppDelegate.swift */,
				118FE1171CEF0525004F2F51 /* MasterViewController.swift */,
				118FE1191CEF0525004F2F51 /* AssetGridViewController.swift */,
				11E1BB9A1CF1371A0057E18F /* GridViewCell.swift */,
				11E1BB9D1CF137450057E18F /* AssetViewController.swift */,
			);
			path = Shared;
			sourceTree = "<group>";
		};
		8C00F4A81E0255A300DC6E82 /* FishTests */ = {
			isa = PBXGroup;
			children = (
				8C00F49F1E01B88500DC6E82 /* APITest.swift */,
				8C00F4A91E0255A300DC6E82 /* FishTests.swift */,
				8C00F4AB1E0255A300DC6E82 /* Info.plist */,
			);
			path = FishTests;
			sourceTree = "<group>";
		};
		8CD7D7621DF7085100453C6F /* Fusuma */ = {
			isa = PBXGroup;
			children = (
				8CD7D7461DF7084600453C6F /* FSAlbumView.swift */,
				8CD7D7851DF95DBC00453C6F /* FSAlbumViewAdaptive.xib */,
				8CD7D7481DF7084600453C6F /* FSAlbumViewCell.swift */,
				8CD7D7491DF7084600453C6F /* FSAlbumViewCell.xib */,
				8CD7D74A1DF7084600453C6F /* FSCameraView.swift */,
				8CD7D7811DF8644700453C6F /* FSCameraViewAdaptive.xib */,
				8CD7D74C1DF7084600453C6F /* FSConstants.swift */,
				8CD7D74D1DF7084600453C6F /* FSImageCropView.swift */,
				8CD7D7501DF7084600453C6F /* Fusuma */,
				8CD7D7511DF7084600453C6F /* FusumaViewController.swift */,
				8CD7D7831DF86D8100453C6F /* FusumaViewControllerAdaptive.xib */,
			);
			name = Fusuma;
			sourceTree = "<group>";
		};
/* End PBXGroup section */

/* Begin PBXNativeTarget section */
		118FE1111CEF0525004F2F51 /* Fish iOS */ = {
			isa = PBXNativeTarget;
			buildConfigurationList = 118FE1261CEF0525004F2F51 /* Build configuration list for PBXNativeTarget "Fish iOS" */;
			buildPhases = (
				118FE10E1CEF0525004F2F51 /* Sources */,
				118FE10F1CEF0525004F2F51 /* Frameworks */,
				118FE1101CEF0525004F2F51 /* Resources */,
				8CD7D7451DF6F28300453C6F /* ShellScript */,
			);
			buildRules = (
			);
			dependencies = (
			);
			name = "Fish iOS";
			productName = SamplePhotosApp;
			productReference = 118FE1121CEF0525004F2F51 /* Fish.app */;
			productType = "com.apple.product-type.application";
		};
		8C00F4A61E0255A300DC6E82 /* FishTests */ = {
			isa = PBXNativeTarget;
			buildConfigurationList = 8C00F4AE1E0255A300DC6E82 /* Build configuration list for PBXNativeTarget "FishTests" */;
			buildPhases = (
				8C00F4A31E0255A300DC6E82 /* Sources */,
				8C00F4A41E0255A300DC6E82 /* Frameworks */,
				8C00F4A51E0255A300DC6E82 /* Resources */,
			);
			buildRules = (
			);
			dependencies = (
				8C00F4AD1E0255A300DC6E82 /* PBXTargetDependency */,
			);
			name = FishTests;
			productName = FishTests;
			productReference = 8C00F4A71E0255A300DC6E82 /* FishTests.xctest */;
			productType = "com.apple.product-type.bundle.unit-test";
		};
/* End PBXNativeTarget section */

/* Begin PBXProject section */
		118FE10A1CEF0525004F2F51 /* Project object */ = {
			isa = PBXProject;
			attributes = {
				LastSwiftUpdateCheck = 0810;
				LastUpgradeCheck = 0800;
				ORGANIZATIONNAME = RanAcquat;
				TargetAttributes = {
					118FE1111CEF0525004F2F51 = {
						CreatedOnToolsVersion = 8.0;
						DevelopmentTeam = E449Q2SF5F;
						LastSwiftMigration = 0800;
						ProvisioningStyle = Manual;
					};
					8C00F4A61E0255A300DC6E82 = {
						CreatedOnToolsVersion = 8.1;
						DevelopmentTeam = E449Q2SF5F;
						ProvisioningStyle = Manual;
						TestTargetID = 118FE1111CEF0525004F2F51;
					};
				};
			};
			buildConfigurationList = 118FE10D1CEF0525004F2F51 /* Build configuration list for PBXProject "Fish" */;
			compatibilityVersion = "Xcode 3.2";
			developmentRegion = English;
			hasScannedForEncodings = 0;
			knownRegions = (
				en,
				Base,
			);
			mainGroup = 118FE1091CEF0525004F2F51;
			productRefGroup = 118FE1131CEF0525004F2F51 /* Products */;
			projectDirPath = "";
			projectRoot = "";
			targets = (
				118FE1111CEF0525004F2F51 /* Fish iOS */,
				8C00F4A61E0255A300DC6E82 /* FishTests */,
			);
		};
/* End PBXProject section */

/* Begin PBXResourcesBuildPhase section */
		118FE1101CEF0525004F2F51 /* Resources */ = {
			isa = PBXResourcesBuildPhase;
			buildActionMask = 2147483647;
			files = (
				8CD7D7841DF86D8100453C6F /* FusumaViewControllerAdaptive.xib in Resources */,
				8CD7D7571DF7084600453C6F /* FSAlbumViewCell.xib in Resources */,
				118FE1221CEF0525004F2F51 /* LaunchScreen.storyboard in Resources */,
				118FE11F1CEF0525004F2F51 /* Assets.xcassets in Resources */,
				8CD7D7861DF95DBC00453C6F /* FSAlbumViewAdaptive.xib in Resources */,
				118FE11D1CEF0525004F2F51 /* Main.storyboard in Resources */,
				8CD7D7821DF8644800453C6F /* FSCameraViewAdaptive.xib in Resources */,
				8CD7D75E1DF7084600453C6F /* Fusuma in Resources */,
				8CD7D7801DF711DD00453C6F /* DocumentPickerView.xib in Resources */,
			);
			runOnlyForDeploymentPostprocessing = 0;
		};
		8C00F4A51E0255A300DC6E82 /* Resources */ = {
			isa = PBXResourcesBuildPhase;
			buildActionMask = 2147483647;
			files = (
			);
			runOnlyForDeploymentPostprocessing = 0;
		};
/* End PBXResourcesBuildPhase section */

/* Begin PBXShellScriptBuildPhase section */
		8CD7D7451DF6F28300453C6F /* ShellScript */ = {
			isa = PBXShellScriptBuildPhase;
			buildActionMask = 2147483647;
			files = (
			);
			inputPaths = (
				"$(SRCROOT)/Carthage/Build/iOS/Fusuma.framework",
				"$(SRCROOT)/Carthage/Build/iOS/Alamofire.framework",
				"$(SRCROOT)/Carthage/Build/iOS/CoreActionSheetPicker.framework",
				"$(SRCROOT)/Carthage/Build/iOS/SwiftyJSON.framework",
				"$(SRCROOT)/Carthage/Build/iOS/NVActivityIndicatorView.framework",
				"$(SRCROOT)/Carthage/Build/iOS/Starscream.framework",
				"$(SRCROOT)/Carthage/Build/iOS/Interpolate.framework",
			);
			outputPaths = (
			);
			runOnlyForDeploymentPostprocessing = 0;
			shellPath = /bin/sh;
			shellScript = "/usr/local/bin/carthage copy-frameworks";
		};
/* End PBXShellScriptBuildPhase section */

/* Begin PBXSourcesBuildPhase section */
		118FE10E1CEF0525004F2F51 /* Sources */ = {
			isa = PBXSourcesBuildPhase;
			buildActionMask = 2147483647;
			files = (
				8CD7D77E1DF70BF900453C6F /* Constants.swift in Sources */,
				8CD7D7791DF709CB00453C6F /* CustomPhotoAlbum.swift in Sources */,
				8CD7D7781DF709CB00453C6F /* API.swift in Sources */,
				11E1BB9E1CF137450057E18F /* AssetViewController.swift in Sources */,
				8CD7D7541DF7084600453C6F /* FSAlbumView.swift in Sources */,
				8CD7D76A1DF708FB00453C6F /* Score.swift in Sources */,
				8CD7D7701DF7094900453C6F /* GlobalResult.swift in Sources */,
				8CD7D7581DF7084600453C6F /* FSCameraView.swift in Sources */,
				11E1BB9B1CF1371A0057E18F /* GridViewCell.swift in Sources */,
				8CD7D75A1DF7084600453C6F /* FSConstants.swift in Sources */,
				8CD7D76E1DF7092F00453C6F /* Results.swift in Sources */,
				8CD7D7741DF7098E00453C6F /* Service.swift in Sources */,
				8CD7D7661DF708C600453C6F /* ServiceController.swift in Sources */,
				118FE11A1CEF0525004F2F51 /* AssetGridViewController.swift in Sources */,
				8CD7D77A1DF709CB00453C6F /* DocumentController.swift in Sources */,
				8CD7D7561DF7084600453C6F /* FSAlbumViewCell.swift in Sources */,
				8CD7D76C1DF7091A00453C6F /* Generator.swift in Sources */,
				118FE1181CEF0525004F2F51 /* MasterViewController.swift in Sources */,
				8C00F4A21E02510500DC6E82 /* SwiftSpinner.swift in Sources */,
				8CD7D7721DF7096E00453C6F /* DocumentPickerRowView.swift in Sources */,
				8CD7D75F1DF7084600453C6F /* FusumaViewController.swift in Sources */,
				118FE1161CEF0525004F2F51 /* AppDelegate.swift in Sources */,
				8CD7D7641DF7089C00453C6F /* Localizator.swift in Sources */,
				8CD7D75B1DF7084600453C6F /* FSImageCropView.swift in Sources */,
				8CD7D7681DF708DF00453C6F /* Document.swift in Sources */,
			);
			runOnlyForDeploymentPostprocessing = 0;
		};
		8C00F4A31E0255A300DC6E82 /* Sources */ = {
			isa = PBXSourcesBuildPhase;
			buildActionMask = 2147483647;
			files = (
				8C00F4B11E0255C300DC6E82 /* APITest.swift in Sources */,
				8C00F4AA1E0255A300DC6E82 /* FishTests.swift in Sources */,
			);
			runOnlyForDeploymentPostprocessing = 0;
		};
/* End PBXSourcesBuildPhase section */

/* Begin PBXTargetDependency section */
		8C00F4AD1E0255A300DC6E82 /* PBXTargetDependency */ = {
			isa = PBXTargetDependency;
			target = 118FE1111CEF0525004F2F51 /* Fish iOS */;
			targetProxy = 8C00F4AC1E0255A300DC6E82 /* PBXContainerItemProxy */;
		};
/* End PBXTargetDependency section */

/* Begin PBXVariantGroup section */
		118FE11B1CEF0525004F2F51 /* Main.storyboard */ = {
			isa = PBXVariantGroup;
			children = (
				118FE11C1CEF0525004F2F51 /* Base */,
			);
			name = Main.storyboard;
			sourceTree = "<group>";
		};
		118FE1201CEF0525004F2F51 /* LaunchScreen.storyboard */ = {
			isa = PBXVariantGroup;
			children = (
				118FE1211CEF0525004F2F51 /* Base */,
			);
			name = LaunchScreen.storyboard;
			sourceTree = "<group>";
		};
		118FE1331CEF07DE004F2F51 /* Main.storyboard */ = {
			isa = PBXVariantGroup;
			children = (
				118FE1341CEF07DE004F2F51 /* Base */,
			);
			name = Main.storyboard;
			sourceTree = "<group>";
		};
/* End PBXVariantGroup section */

/* Begin XCBuildConfiguration section */
		118FE1241CEF0525004F2F51 /* Debug */ = {
			isa = XCBuildConfiguration;
			buildSettings = {
				ALWAYS_SEARCH_USER_PATHS = NO;
				CLANG_ANALYZER_NONNULL = YES;
				CLANG_CXX_LANGUAGE_STANDARD = "gnu++0x";
				CLANG_CXX_LIBRARY = "libc++";
				CLANG_ENABLE_MODULES = YES;
				CLANG_ENABLE_OBJC_ARC = YES;
				CLANG_WARN_BOOL_CONVERSION = YES;
				CLANG_WARN_CONSTANT_CONVERSION = YES;
				CLANG_WARN_DIRECT_OBJC_ISA_USAGE = YES_ERROR;
				CLANG_WARN_DOCUMENTATION_COMMENTS = YES;
				CLANG_WARN_EMPTY_BODY = YES;
				CLANG_WARN_ENUM_CONVERSION = YES;
				CLANG_WARN_INT_CONVERSION = YES;
				CLANG_WARN_OBJC_ROOT_CLASS = YES_ERROR;
				CLANG_WARN_UNREACHABLE_CODE = YES;
				CLANG_WARN__DUPLICATE_METHOD_MATCH = YES;
				CODE_SIGN_IDENTITY = "iPhone Developer: jan.atac@click-and-trust.com (KM9RUN7H6R)";
				"CODE_SIGN_IDENTITY[sdk=iphoneos*]" = "iPhone Developer: jan.atac@click-and-trust.com (KM9RUN7H6R)";
				COPY_PHASE_STRIP = NO;
				DEBUG_INFORMATION_FORMAT = dwarf;
				ENABLE_STRICT_OBJC_MSGSEND = YES;
				ENABLE_TESTABILITY = YES;
				GCC_C_LANGUAGE_STANDARD = gnu99;
				GCC_DYNAMIC_NO_PIC = NO;
				GCC_NO_COMMON_BLOCKS = YES;
				GCC_OPTIMIZATION_LEVEL = 0;
				GCC_PREPROCESSOR_DEFINITIONS = (
					"DEBUG=1",
					"$(inherited)",
				);
				GCC_WARN_64_TO_32_BIT_CONVERSION = YES;
				GCC_WARN_ABOUT_RETURN_TYPE = YES_ERROR;
				GCC_WARN_UNDECLARED_SELECTOR = YES;
				GCC_WARN_UNINITIALIZED_AUTOS = YES_AGGRESSIVE;
				GCC_WARN_UNUSED_FUNCTION = YES;
				GCC_WARN_UNUSED_VARIABLE = YES;
				IPHONEOS_DEPLOYMENT_TARGET = 10.0;
				MTL_ENABLE_DEBUG_INFO = YES;
				ONLY_ACTIVE_ARCH = YES;
				SDKROOT = iphoneos;
				SWIFT_ACTIVE_COMPILATION_CONDITIONS = DEBUG;
				SWIFT_OPTIMIZATION_LEVEL = "-Onone";
				SWIFT_VERSION = 3.0;
				TARGETED_DEVICE_FAMILY = "1,2";
			};
			name = Debug;
		};
		118FE1251CEF0525004F2F51 /* Release */ = {
			isa = XCBuildConfiguration;
			buildSettings = {
				ALWAYS_SEARCH_USER_PATHS = NO;
				CLANG_ANALYZER_NONNULL = YES;
				CLANG_CXX_LANGUAGE_STANDARD = "gnu++0x";
				CLANG_CXX_LIBRARY = "libc++";
				CLANG_ENABLE_MODULES = YES;
				CLANG_ENABLE_OBJC_ARC = YES;
				CLANG_WARN_BOOL_CONVERSION = YES;
				CLANG_WARN_CONSTANT_CONVERSION = YES;
				CLANG_WARN_DIRECT_OBJC_ISA_USAGE = YES_ERROR;
				CLANG_WARN_DOCUMENTATION_COMMENTS = YES;
				CLANG_WARN_EMPTY_BODY = YES;
				CLANG_WARN_ENUM_CONVERSION = YES;
				CLANG_WARN_INT_CONVERSION = YES;
				CLANG_WARN_OBJC_ROOT_CLASS = YES_ERROR;
				CLANG_WARN_UNREACHABLE_CODE = YES;
				CLANG_WARN__DUPLICATE_METHOD_MATCH = YES;
				CODE_SIGN_IDENTITY = "iPhone Distribution: CLICK AND TRUST (K92R8WUA57)";
				"CODE_SIGN_IDENTITY[sdk=iphoneos*]" = "iPhone Distribution: CLICK AND TRUST (K92R8WUA57)";
				COPY_PHASE_STRIP = NO;
				DEBUG_INFORMATION_FORMAT = "dwarf-with-dsym";
				ENABLE_NS_ASSERTIONS = NO;
				ENABLE_STRICT_OBJC_MSGSEND = YES;
				GCC_C_LANGUAGE_STANDARD = gnu99;
				GCC_NO_COMMON_BLOCKS = YES;
				GCC_WARN_64_TO_32_BIT_CONVERSION = YES;
				GCC_WARN_ABOUT_RETURN_TYPE = YES_ERROR;
				GCC_WARN_UNDECLARED_SELECTOR = YES;
				GCC_WARN_UNINITIALIZED_AUTOS = YES_AGGRESSIVE;
				GCC_WARN_UNUSED_FUNCTION = YES;
				GCC_WARN_UNUSED_VARIABLE = YES;
				IPHONEOS_DEPLOYMENT_TARGET = 10.0;
				MTL_ENABLE_DEBUG_INFO = NO;
				SDKROOT = iphoneos;
				SWIFT_OPTIMIZATION_LEVEL = "-Owholemodule";
				SWIFT_VERSION = 3.0;
				TARGETED_DEVICE_FAMILY = "1,2";
				VALIDATE_PRODUCT = YES;
			};
			name = Release;
		};
		118FE1271CEF0525004F2F51 /* Debug */ = {
			isa = XCBuildConfiguration;
			buildSettings = {
				ASSETCATALOG_COMPILER_APPICON_NAME = AppIcon;
				CODE_SIGN_IDENTITY = "iPhone Developer";
				"CODE_SIGN_IDENTITY[sdk=iphoneos*]" = "iPhone Developer";
				DEVELOPMENT_TEAM = E449Q2SF5F;
				FRAMEWORK_SEARCH_PATHS = (
					"$(inherited)",
					"$(PROJECT_DIR)/Carthage/Build/iOS",
				);
				INFOPLIST_FILE = iOS/Info.plist;
				IPHONEOS_DEPLOYMENT_TARGET = 10.1;
				LD_RUNPATH_SEARCH_PATHS = "$(inherited) @executable_path/Frameworks";
				PRODUCT_BUNDLE_IDENTIFIER = org.ranacquat.fish;
				PRODUCT_NAME = Fish;
				PROVISIONING_PROFILE = "369fa5ce-c39b-41f6-a926-33005f8f3ab6";
				PROVISIONING_PROFILE_SPECIFIER = FishDEV;
				SWIFT_VERSION = 3.0;
			};
			name = Debug;
		};
		118FE1281CEF0525004F2F51 /* Release */ = {
			isa = XCBuildConfiguration;
			buildSettings = {
				ASSETCATALOG_COMPILER_APPICON_NAME = AppIcon;
				CODE_SIGN_IDENTITY = "iPhone Distribution";
				DEVELOPMENT_TEAM = E449Q2SF5F;
				FRAMEWORK_SEARCH_PATHS = (
					"$(inherited)",
					"$(PROJECT_DIR)/Carthage/Build/iOS",
				);
				INFOPLIST_FILE = iOS/Info.plist;
				IPHONEOS_DEPLOYMENT_TARGET = 10.1;
				LD_RUNPATH_SEARCH_PATHS = "$(inherited) @executable_path/Frameworks";
				PRODUCT_BUNDLE_IDENTIFIER = org.ranacquat.fish;
				PRODUCT_NAME = Fish;
				PROVISIONING_PROFILE = "cb255e98-392d-4eaa-ab14-eb2890dfc72a";
				PROVISIONING_PROFILE_SPECIFIER = FishPROD;
				SWIFT_VERSION = 3.0;
			};
			name = Release;
		};
		8C00F4AF1E0255A300DC6E82 /* Debug */ = {
			isa = XCBuildConfiguration;
			buildSettings = {
				BUNDLE_LOADER = "$(TEST_HOST)";
				CLANG_WARN_INFINITE_RECURSION = YES;
				CLANG_WARN_SUSPICIOUS_MOVES = YES;
				"CODE_SIGN_IDENTITY[sdk=iphoneos*]" = "iPhone Developer";
				DEVELOPMENT_TEAM = E449Q2SF5F;
				FRAMEWORK_SEARCH_PATHS = (
					"$(inherited)",
					"$(PROJECT_DIR)/Carthage/Build/iOS",
				);
				INFOPLIST_FILE = FishTests/Info.plist;
				IPHONEOS_DEPLOYMENT_TARGET = 10.1;
				LD_RUNPATH_SEARCH_PATHS = "$(inherited) @executable_path/Frameworks @loader_path/Frameworks";
				PRODUCT_BUNDLE_IDENTIFIER = org.ranacquat.FishTests;
				PRODUCT_NAME = "$(TARGET_NAME)";
				SWIFT_VERSION = 3.0;
				TEST_HOST = "$(BUILT_PRODUCTS_DIR)/Fish.app/Fish";
			};
			name = Debug;
		};
		8C00F4B01E0255A300DC6E82 /* Release */ = {
			isa = XCBuildConfiguration;
			buildSettings = {
				BUNDLE_LOADER = "$(TEST_HOST)";
				CLANG_WARN_INFINITE_RECURSION = YES;
				CLANG_WARN_SUSPICIOUS_MOVES = YES;
				"CODE_SIGN_IDENTITY[sdk=iphoneos*]" = "iPhone Developer";
				DEVELOPMENT_TEAM = E449Q2SF5F;
				FRAMEWORK_SEARCH_PATHS = (
					"$(inherited)",
					"$(PROJECT_DIR)/Carthage/Build/iOS",
				);
				INFOPLIST_FILE = FishTests/Info.plist;
				IPHONEOS_DEPLOYMENT_TARGET = 10.1;
				LD_RUNPATH_SEARCH_PATHS = "$(inherited) @executable_path/Frameworks @loader_path/Frameworks";
				PRODUCT_BUNDLE_IDENTIFIER = org.ranacquat.FishTests;
				PRODUCT_NAME = "$(TARGET_NAME)";
				SWIFT_VERSION = 3.0;
				TEST_HOST = "$(BUILT_PRODUCTS_DIR)/Fish.app/Fish";
			};
			name = Release;
		};
/* End XCBuildConfiguration section */

/* Begin XCConfigurationList section */
		118FE10D1CEF0525004F2F51 /* Build configuration list for PBXProject "Fish" */ = {
			isa = XCConfigurationList;
			buildConfigurations = (
				118FE1241CEF0525004F2F51 /* Debug */,
				118FE1251CEF0525004F2F51 /* Release */,
			);
			defaultConfigurationIsVisible = 0;
			defaultConfigurationName = Release;
		};
		118FE1261CEF0525004F2F51 /* Build configuration list for PBXNativeTarget "Fish iOS" */ = {
			isa = XCConfigurationList;
			buildConfigurations = (
				118FE1271CEF0525004F2F51 /* Debug */,
				118FE1281CEF0525004F2F51 /* Release */,
			);
			defaultConfigurationIsVisible = 0;
			defaultConfigurationName = Release;
		};
		8C00F4AE1E0255A300DC6E82 /* Build configuration list for PBXNativeTarget "FishTests" */ = {
			isa = XCConfigurationList;
			buildConfigurations = (
				8C00F4AF1E0255A300DC6E82 /* Debug */,
				8C00F4B01E0255A300DC6E82 /* Release */,
			);
			defaultConfigurationIsVisible = 0;
		};
/* End XCConfigurationList section */
	};
	rootObject = 118FE10A1CEF0525004F2F51 /* Project object */;
}
